<?xml version="1.0" encoding="utf-8"?>
<Project ToolsVersion="4.0" xmlns="http://schemas.microsoft.com/developer/msbuild/2003">
  <ItemGroup>
    <ClCompile Include="src\dllmain.cpp" />
    <ClCompile Include="src\Helper\Helper.cpp" />
    <ClCompile Include="src\Hooks\Hooks.cpp" />
    <ClCompile Include="src\Menu\Menu.cpp" />
    <ClCompile Include="src\Hooks\d3d11hook.cpp" />
    <ClCompile Include="src\framework\stdafx.cpp" />
  </ItemGroup>
  <ItemGroup>
    <ClInclude Include="src\Features\Features.h" />
    <ClInclude Include="src\Features\SpeedHack.h" />
    <ClInclude Include="src\globals.h" />
    <ClInclude Include="src\Helper\Helper.h" />
    <ClInclude Include="src\Hooks\Hooks.h" />
    <ClInclude Include="src\Menu\Menu.h" />
    <ClInclude Include="src\config.h" />
    <ClInclude Include="src\Hooks\d3d11hook.h" />
    <ClInclude Include="src\framework\stdafx.h" />
    <ClInclude Include="src\Features\MainDLC.h" />
  </ItemGroup>
</Project>